
Microsoft Visual Studio Solution File, Format Version 12.00
# Visual Studio Version 17
VisualStudioVersion = 17.0.31903.59
MinimumVisualStudioVersion = 10.0.40219.1
Project("{FAE04EC0-301F-11D3-BF4B-00C04F79EFBC}") = "Chronos", "Chronos\Chronos.csproj", "{3C25A302-5529-4C7D-8C88-07F9C7388DEA}"
EndProject
Project("{FAE04EC0-301F-11D3-BF4B-00C04F79EFBC}") = "RandomTest", "RandomTest\RandomTest.csproj", "{8A6982CE-EEA6-46DE-951F-ADCCDC0ECB49}"
EndProject
Project("{FAE04EC0-301F-11D3-BF4B-00C04F79EFBC}") = "RandDice", "RandDice\RandDice.csproj", "{D013C575-468A-4397-B12B-08B1FC283A34}"
EndProject
Global
	GlobalSection(SolutionConfigurationPlatforms) = preSolution
		Debug|Any CPU = Debug|Any CPU
		Release|Any CPU = Release|Any CPU
	EndGlobalSection
	GlobalSection(SolutionProperties) = preSolution
		HideSolutionNode = FALSE
	EndGlobalSection
	GlobalSection(ProjectConfigurationPlatforms) = postSolution
		{3C25A302-5529-4C7D-8C88-07F9C7388DEA}.Debug|Any CPU.ActiveCfg = Debug|Any CPU
		{3C25A302-5529-4C7D-8C88-07F9C7388DEA}.Debug|Any CPU.Build.0 = Debug|Any CPU
		{3C25A302-5529-4C7D-8C88-07F9C7388DEA}.Release|Any CPU.ActiveCfg = Release|Any CPU
		{3C25A302-5529-4C7D-8C88-07F9C7388DEA}.Release|Any CPU.Build.0 = Release|Any CPU
		{8A6982CE-EEA6-46DE-951F-ADCCDC0ECB49}.Debug|Any CPU.ActiveCfg = Debug|Any CPU
		{8A6982CE-EEA6-46DE-951F-ADCCDC0ECB49}.Debug|Any CPU.Build.0 = Debug|Any CPU
		{8A6982CE-EEA6-46DE-951F-ADCCDC0ECB49}.Release|Any CPU.ActiveCfg = Release|Any CPU
		{8A6982CE-EEA6-46DE-951F-ADCCDC0ECB49}.Release|Any CPU.Build.0 = Release|Any CPU
		{D013C575-468A-4397-B12B-08B1FC283A34}.Debug|Any CPU.ActiveCfg = Debug|Any CPU
		{D013C575-468A-4397-B12B-08B1FC283A34}.Debug|Any CPU.Build.0 = Debug|Any CPU
		{D013C575-468A-4397-B12B-08B1FC283A34}.Release|Any CPU.ActiveCfg = Release|Any CPU
		{D013C575-468A-4397-B12B-08B1FC283A34}.Release|Any CPU.Build.0 = Release|Any CPU
	EndGlobalSection
EndGlobal
